// !$*UTF8*$!
{
	archiveVersion = 1;
	classes = {
	};
	objectVersion = 46;
	objects = {

/* Begin PBXBuildFile section */
		121759941AB140C600F80750 /* YZKeyboardInputAccessoryView.swift in Sources */ = {isa = PBXBuildFile; fileRef = 121759931AB140C600F80750 /* YZKeyboardInputAccessoryView.swift */; };
		1217599A1AB2698300F80750 /* YZKeyboardStyle.swift in Sources */ = {isa = PBXBuildFile; fileRef = 121759991AB2698300F80750 /* YZKeyboardStyle.swift */; };
		1273C41D1AAE4B0B0015744D /* AppDelegate.swift in Sources */ = {isa = PBXBuildFile; fileRef = 1273C41C1AAE4B0B0015744D /* AppDelegate.swift */; };
		1273C41F1AAE4B0B0015744D /* ViewController.swift in Sources */ = {isa = PBXBuildFile; fileRef = 1273C41E1AAE4B0B0015744D /* ViewController.swift */; };
		1273C4221AAE4B0B0015744D /* Main.storyboard in Resources */ = {isa = PBXBuildFile; fileRef = 1273C4201AAE4B0B0015744D /* Main.storyboard */; };
		1273C4241AAE4B0B0015744D /* Images.xcassets in Resources */ = {isa = PBXBuildFile; fileRef = 1273C4231AAE4B0B0015744D /* Images.xcassets */; };
		1273C4271AAE4B0B0015744D /* LaunchScreen.xib in Resources */ = {isa = PBXBuildFile; fileRef = 1273C4251AAE4B0B0015744D /* LaunchScreen.xib */; };
		1273C4331AAE4B0C0015744D /* NumberKeyboardViewDemoTests.swift in Sources */ = {isa = PBXBuildFile; fileRef = 1273C4321AAE4B0C0015744D /* NumberKeyboardViewDemoTests.swift */; };
		6C808A59E2EE6A6CADACB6A5 /* libPods-NumberKeyboardViewDemo.a in Frameworks */ = {isa = PBXBuildFile; fileRef = 1656F752273E2F152E1F9E18 /* libPods-NumberKeyboardViewDemo.a */; };
/* End PBXBuildFile section */

/* Begin PBXContainerItemProxy section */
		1273C42D1AAE4B0B0015744D /* PBXContainerItemProxy */ = {
			isa = PBXContainerItemProxy;
			containerPortal = 1273C40F1AAE4B0B0015744D /* Project object */;
			proxyType = 1;
			remoteGlobalIDString = 1273C4161AAE4B0B0015744D;
			remoteInfo = NumberKeyboardViewDemo;
		};
/* End PBXContainerItemProxy section */

/* Begin PBXFileReference section */
		06DAECE1C9FDDEBE8B1B1618 /* Pods-NumberKeyboardViewDemo.debug.xcconfig */ = {isa = PBXFileReference; includeInIndex = 1; lastKnownFileType = text.xcconfig; name = "Pods-NumberKeyboardViewDemo.debug.xcconfig"; path = "Pods/Target Support Files/Pods-NumberKeyboardViewDemo/Pods-NumberKeyboardViewDemo.debug.xcconfig"; sourceTree = "<group>"; };
		121759931AB140C600F80750 /* YZKeyboardInputAccessoryView.swift */ = {isa = PBXFileReference; fileEncoding = 4; lastKnownFileType = sourcecode.swift; path = YZKeyboardInputAccessoryView.swift; sourceTree = "<group>"; };
		121759951AB1641F00F80750 /* NumberKeyboardViewDemo-Bridging-Header.h */ = {isa = PBXFileReference; lastKnownFileType = sourcecode.c.h; path = "NumberKeyboardViewDemo-Bridging-Header.h"; sourceTree = "<group>"; };
		121759991AB2698300F80750 /* YZKeyboardStyle.swift */ = {isa = PBXFileReference; fileEncoding = 4; lastKnownFileType = sourcecode.swift; path = YZKeyboardStyle.swift; sourceTree = "<group>"; };
		1273C4171AAE4B0B0015744D /* NumberKeyboardViewDemo.app */ = {isa = PBXFileReference; explicitFileType = wrapper.application; includeInIndex = 0; path = NumberKeyboardViewDemo.app; sourceTree = BUILT_PRODUCTS_DIR; };
		1273C41B1AAE4B0B0015744D /* Info.plist */ = {isa = PBXFileReference; lastKnownFileType = text.plist.xml; path = Info.plist; sourceTree = "<group>"; };
		1273C41C1AAE4B0B0015744D /* AppDelegate.swift */ = {isa = PBXFileReference; lastKnownFileType = sourcecode.swift; path = AppDelegate.swift; sourceTree = "<group>"; };
		1273C41E1AAE4B0B0015744D /* ViewController.swift */ = {isa = PBXFileReference; lastKnownFileType = sourcecode.swift; path = ViewController.swift; sourceTree = "<group>"; };
		1273C4211AAE4B0B0015744D /* Base */ = {isa = PBXFileReference; lastKnownFileType = file.storyboard; name = Base; path = Base.lproj/Main.storyboard; sourceTree = "<group>"; };
		1273C4231AAE4B0B0015744D /* Images.xcassets */ = {isa = PBXFileReference; lastKnownFileType = folder.assetcatalog; path = Images.xcassets; sourceTree = "<group>"; };
		1273C4261AAE4B0B0015744D /* Base */ = {isa = PBXFileReference; lastKnownFileType = file.xib; name = Base; path = Base.lproj/LaunchScreen.xib; sourceTree = "<group>"; };
		1273C42C1AAE4B0B0015744D /* NumberKeyboardViewDemoTests.xctest */ = {isa = PBXFileReference; explicitFileType = wrapper.cfbundle; includeInIndex = 0; path = NumberKeyboardViewDemoTests.xctest; sourceTree = BUILT_PRODUCTS_DIR; };
		1273C4311AAE4B0C0015744D /* Info.plist */ = {isa = PBXFileReference; lastKnownFileType = text.plist.xml; path = Info.plist; sourceTree = "<group>"; };
		1273C4321AAE4B0C0015744D /* NumberKeyboardViewDemoTests.swift */ = {isa = PBXFileReference; lastKnownFileType = sourcecode.swift; path = NumberKeyboardViewDemoTests.swift; sourceTree = "<group>"; };
		1656F752273E2F152E1F9E18 /* libPods-NumberKeyboardViewDemo.a */ = {isa = PBXFileReference; explicitFileType = archive.ar; includeInIndex = 0; path = "libPods-NumberKeyboardViewDemo.a"; sourceTree = BUILT_PRODUCTS_DIR; };
		A8743E828854E22BE42A2F77 /* Pods-NumberKeyboardViewDemo.release.xcconfig */ = {isa = PBXFileReference; includeInIndex = 1; lastKnownFileType = text.xcconfig; name = "Pods-NumberKeyboardViewDemo.release.xcconfig"; path = "Pods/Target Support Files/Pods-NumberKeyboardViewDemo/Pods-NumberKeyboardViewDemo.release.xcconfig"; sourceTree = "<group>"; };
/* End PBXFileReference section */

/* Begin PBXFrameworksBuildPhase section */
		1273C4141AAE4B0B0015744D /* Frameworks */ = {
			isa = PBXFrameworksBuildPhase;
			buildActionMask = 2147483647;
			files = (
				6C808A59E2EE6A6CADACB6A5 /* libPods-NumberKeyboardViewDemo.a in Frameworks */,
			);
			runOnlyForDeploymentPostprocessing = 0;
		};
		1273C4291AAE4B0B0015744D /* Frameworks */ = {
			isa = PBXFrameworksBuildPhase;
			buildActionMask = 2147483647;
			files = (
			);
			runOnlyForDeploymentPostprocessing = 0;
		};
/* End PBXFrameworksBuildPhase section */

/* Begin PBXGroup section */
		1273C40E1AAE4B0B0015744D = {
			isa = PBXGroup;
			children = (
				1273C43C1AAE4B1A0015744D /* Source */,
				1273C4191AAE4B0B0015744D /* NumberKeyboardViewDemo */,
				1273C42F1AAE4B0B0015744D /* NumberKeyboardViewDemoTests */,
				1273C4181AAE4B0B0015744D /* Products */,
				1B7068298E25F12661AA9345 /* Pods */,
				68D13A95D5DD4BC487FE1510 /* Frameworks */,
			);
			sourceTree = "<group>";
		};
		1273C4181AAE4B0B0015744D /* Products */ = {
			isa = PBXGroup;
			children = (
				1273C4171AAE4B0B0015744D /* NumberKeyboardViewDemo.app */,
				1273C42C1AAE4B0B0015744D /* NumberKeyboardViewDemoTests.xctest */,
			);
			name = Products;
			sourceTree = "<group>";
		};
		1273C4191AAE4B0B0015744D /* NumberKeyboardViewDemo */ = {
			isa = PBXGroup;
			children = (
				1273C41C1AAE4B0B0015744D /* AppDelegate.swift */,
				1273C41E1AAE4B0B0015744D /* ViewController.swift */,
				121759951AB1641F00F80750 /* NumberKeyboardViewDemo-Bridging-Header.h */,
				1273C4201AAE4B0B0015744D /* Main.storyboard */,
				1273C4231AAE4B0B0015744D /* Images.xcassets */,
				1273C4251AAE4B0B0015744D /* LaunchScreen.xib */,
				1273C41A1AAE4B0B0015744D /* Supporting Files */,
			);
			path = NumberKeyboardViewDemo;
			sourceTree = "<group>";
		};
		1273C41A1AAE4B0B0015744D /* Supporting Files */ = {
			isa = PBXGroup;
			children = (
				1273C41B1AAE4B0B0015744D /* Info.plist */,
			);
			name = "Supporting Files";
			sourceTree = "<group>";
		};
		1273C42F1AAE4B0B0015744D /* NumberKeyboardViewDemoTests */ = {
			isa = PBXGroup;
			children = (
				1273C4321AAE4B0C0015744D /* NumberKeyboardViewDemoTests.swift */,
				1273C4301AAE4B0C0015744D /* Supporting Files */,
			);
			path = NumberKeyboardViewDemoTests;
			sourceTree = "<group>";
		};
		1273C4301AAE4B0C0015744D /* Supporting Files */ = {
			isa = PBXGroup;
			children = (
				1273C4311AAE4B0C0015744D /* Info.plist */,
			);
			name = "Supporting Files";
			sourceTree = "<group>";
		};
		1273C43C1AAE4B1A0015744D /* Source */ = {
			isa = PBXGroup;
			children = (
				121759931AB140C600F80750 /* YZKeyboardInputAccessoryView.swift */,
				121759991AB2698300F80750 /* YZKeyboardStyle.swift */,
			);
			name = Source;
			path = ../Source;
			sourceTree = "<group>";
		};
		1B7068298E25F12661AA9345 /* Pods */ = {
			isa = PBXGroup;
			children = (
				06DAECE1C9FDDEBE8B1B1618 /* Pods-NumberKeyboardViewDemo.debug.xcconfig */,
				A8743E828854E22BE42A2F77 /* Pods-NumberKeyboardViewDemo.release.xcconfig */,
			);
			name = Pods;
			sourceTree = "<group>";
		};
		68D13A95D5DD4BC487FE1510 /* Frameworks */ = {
			isa = PBXGroup;
			children = (
				1656F752273E2F152E1F9E18 /* libPods-NumberKeyboardViewDemo.a */,
			);
			name = Frameworks;
			sourceTree = "<group>";
		};
/* End PBXGroup section */

/* Begin PBXNativeTarget section */
		1273C4161AAE4B0B0015744D /* NumberKeyboardViewDemo */ = {
			isa = PBXNativeTarget;
			buildConfigurationList = 1273C4361AAE4B0C0015744D /* Build configuration list for PBXNativeTarget "NumberKeyboardViewDemo" */;
			buildPhases = (
				7883BCD07EF7DA8292C890C1 /* Check Pods Manifest.lock */,
				1273C4131AAE4B0B0015744D /* Sources */,
				1273C4141AAE4B0B0015744D /* Frameworks */,
				1273C4151AAE4B0B0015744D /* Resources */,
				CB6A45F44D1D381A743AF279 /* Copy Pods Resources */,
			);
			buildRules = (
			);
			dependencies = (
			);
			name = NumberKeyboardViewDemo;
			productName = NumberKeyboardViewDemo;
			productReference = 1273C4171AAE4B0B0015744D /* NumberKeyboardViewDemo.app */;
			productType = "com.apple.product-type.application";
		};
		1273C42B1AAE4B0B0015744D /* NumberKeyboardViewDemoTests */ = {
			isa = PBXNativeTarget;
			buildConfigurationList = 1273C4391AAE4B0C0015744D /* Build configuration list for PBXNativeTarget "NumberKeyboardViewDemoTests" */;
			buildPhases = (
				1273C4281AAE4B0B0015744D /* Sources */,
				1273C4291AAE4B0B0015744D /* Frameworks */,
				1273C42A1AAE4B0B0015744D /* Resources */,
			);
			buildRules = (
			);
			dependencies = (
				1273C42E1AAE4B0B0015744D /* PBXTargetDependency */,
			);
			name = NumberKeyboardViewDemoTests;
			productName = NumberKeyboardViewDemoTests;
			productReference = 1273C42C1AAE4B0B0015744D /* NumberKeyboardViewDemoTests.xctest */;
			productType = "com.apple.product-type.bundle.unit-test";
		};
/* End PBXNativeTarget section */

/* Begin PBXProject section */
		1273C40F1AAE4B0B0015744D /* Project object */ = {
			isa = PBXProject;
			attributes = {
				LastUpgradeCheck = 0610;
				ORGANIZATIONNAME = Yichi;
				TargetAttributes = {
					1273C4161AAE4B0B0015744D = {
						CreatedOnToolsVersion = 6.1.1;
					};
					1273C42B1AAE4B0B0015744D = {
						CreatedOnToolsVersion = 6.1.1;
						TestTargetID = 1273C4161AAE4B0B0015744D;
					};
				};
			};
			buildConfigurationList = 1273C4121AAE4B0B0015744D /* Build configuration list for PBXProject "NumberKeyboardViewDemo" */;
			compatibilityVersion = "Xcode 3.2";
			developmentRegion = English;
			hasScannedForEncodings = 0;
			knownRegions = (
				en,
				Base,
			);
			mainGroup = 1273C40E1AAE4B0B0015744D;
			productRefGroup = 1273C4181AAE4B0B0015744D /* Products */;
			projectDirPath = "";
			projectRoot = "";
			targets = (
				1273C4161AAE4B0B0015744D /* NumberKeyboardViewDemo */,
				1273C42B1AAE4B0B0015744D /* NumberKeyboardViewDemoTests */,
			);
		};
/* End PBXProject section */

/* Begin PBXResourcesBuildPhase section */
		1273C4151AAE4B0B0015744D /* Resources */ = {
			isa = PBXResourcesBuildPhase;
			buildActionMask = 2147483647;
			files = (
				1273C4221AAE4B0B0015744D /* Main.storyboard in Resources */,
				1273C4271AAE4B0B0015744D /* LaunchScreen.xib in Resources */,
				1273C4241AAE4B0B0015744D /* Images.xcassets in Resources */,
			);
			runOnlyForDeploymentPostprocessing = 0;
		};
		1273C42A1AAE4B0B0015744D /* Resources */ = {
			isa = PBXResourcesBuildPhase;
			buildActionMask = 2147483647;
			files = (
			);
			runOnlyForDeploymentPostprocessing = 0;
		};
/* End PBXResourcesBuildPhase section */

/* Begin PBXShellScriptBuildPhase section */
		7883BCD07EF7DA8292C890C1 /* Check Pods Manifest.lock */ = {
			isa = PBXShellScriptBuildPhase;
			buildActionMask = 2147483647;
			files = (
			);
			inputPaths = (
			);
			name = "Check Pods Manifest.lock";
			outputPaths = (
			);
			runOnlyForDeploymentPostprocessing = 0;
			shellPath = /bin/sh;
			shellScript = "diff \"${PODS_ROOT}/../Podfile.lock\" \"${PODS_ROOT}/Manifest.lock\" > /dev/null\nif [[ $? != 0 ]] ; then\n    cat << EOM\nerror: The sandbox is not in sync with the Podfile.lock. Run 'pod install' or update your CocoaPods installation.\nEOM\n    exit 1\nfi\n";
			showEnvVarsInLog = 0;
		};
		CB6A45F44D1D381A743AF279 /* Copy Pods Resources */ = {
			isa = PBXShellScriptBuildPhase;
			buildActionMask = 2147483647;
			files = (
			);
			inputPaths = (
			);
			name = "Copy Pods Resources";
			outputPaths = (
			);
			runOnlyForDeploymentPostprocessing = 0;
			shellPath = /bin/sh;
			shellScript = "\"${SRCROOT}/Pods/Target Support Files/Pods-NumberKeyboardViewDemo/Pods-NumberKeyboardViewDemo-resources.sh\"\n";
			showEnvVarsInLog = 0;
		};
/* End PBXShellScriptBuildPhase section */

/* Begin PBXSourcesBuildPhase section */
		1273C4131AAE4B0B0015744D /* Sources */ = {
			isa = PBXSourcesBuildPhase;
			buildActionMask = 2147483647;
			files = (
				121759941AB140C600F80750 /* YZKeyboardInputAccessoryView.swift in Sources */,
				1273C41F1AAE4B0B0015744D /* ViewController.swift in Sources */,
				1273C41D1AAE4B0B0015744D /* AppDelegate.swift in Sources */,
				1217599A1AB2698300F80750 /* YZKeyboardStyle.swift in Sources */,
			);
			runOnlyForDeploymentPostprocessing = 0;
		};
		1273C4281AAE4B0B0015744D /* Sources */ = {
			isa = PBXSourcesBuildPhase;
			buildActionMask = 2147483647;
			files = (
				1273C4331AAE4B0C0015744D /* NumberKeyboardViewDemoTests.swift in Sources */,
			);
			runOnlyForDeploymentPostprocessing = 0;
		};
/* End PBXSourcesBuildPhase section */

/* Begin PBXTargetDependency section */
		1273C42E1AAE4B0B0015744D /* PBXTargetDependency */ = {
			isa = PBXTargetDependency;
			target = 1273C4161AAE4B0B0015744D /* NumberKeyboardViewDemo */;
			targetProxy = 1273C42D1AAE4B0B0015744D /* PBXContainerItemProxy */;
		};
/* End PBXTargetDependency section */

/* Begin PBXVariantGroup section */
		1273C4201AAE4B0B0015744D /* Main.storyboard */ = {
			isa = PBXVariantGroup;
			children = (
				1273C4211AAE4B0B0015744D /* Base */,
			);
			name = Main.storyboard;
			sourceTree = "<group>";
		};
		1273C4251AAE4B0B0015744D /* LaunchScreen.xib */ = {
			isa = PBXVariantGroup;
			children = (
				1273C4261AAE4B0B0015744D /* Base */,
			);
			name = LaunchScreen.xib;
			sourceTree = "<group>";
		};
/* End PBXVariantGroup section */

/* Begin XCBuildConfiguration section */
		1273C4341AAE4B0C0015744D /* Debug */ = {
			isa = XCBuildConfiguration;
			buildSettings = {
				ALWAYS_SEARCH_USER_PATHS = NO;
				CLANG_CXX_LANGUAGE_STANDARD = "gnu++0x";
				CLANG_CXX_LIBRARY = "libc++";
				CLANG_ENABLE_MODULES = YES;
				CLANG_ENABLE_OBJC_ARC = YES;
				CLANG_WARN_BOOL_CONVERSION = YES;
				CLANG_WARN_CONSTANT_CONVERSION = YES;
				CLANG_WARN_DIRECT_OBJC_ISA_USAGE = YES_ERROR;
				CLANG_WARN_EMPTY_BODY = YES;
				CLANG_WARN_ENUM_CONVERSION = YES;
				CLANG_WARN_INT_CONVERSION = YES;
				CLANG_WARN_OBJC_ROOT_CLASS = YES_ERROR;
				CLANG_WARN_UNREACHABLE_CODE = YES;
				CLANG_WARN__DUPLICATE_METHOD_MATCH = YES;
				"CODE_SIGN_IDENTITY[sdk=iphoneos*]" = "iPhone Developer";
				COPY_PHASE_STRIP = NO;
				ENABLE_STRICT_OBJC_MSGSEND = YES;
				GCC_C_LANGUAGE_STANDARD = gnu99;
				GCC_DYNAMIC_NO_PIC = NO;
				GCC_OPTIMIZATION_LEVEL = 0;
				GCC_PREPROCESSOR_DEFINITIONS = (
					"DEBUG=1",
					"$(inherited)",
				);
				GCC_SYMBOLS_PRIVATE_EXTERN = NO;
				GCC_WARN_64_TO_32_BIT_CONVERSION = YES;
				GCC_WARN_ABOUT_RETURN_TYPE = YES_ERROR;
				GCC_WARN_UNDECLARED_SELECTOR = YES;
				GCC_WARN_UNINITIALIZED_AUTOS = YES_AGGRESSIVE;
				GCC_WARN_UNUSED_FUNCTION = YES;
				GCC_WARN_UNUSED_VARIABLE = YES;
				IPHONEOS_DEPLOYMENT_TARGET = 8.1;
				MTL_ENABLE_DEBUG_INFO = YES;
				ONLY_ACTIVE_ARCH = YES;
				SDKROOT = iphoneos;
				SWIFT_OPTIMIZATION_LEVEL = "-Onone";
			};
			name = Debug;
		};
		1273C4351AAE4B0C0015744D /* Release */ = {
			isa = XCBuildConfiguration;
			buildSettings = {
				ALWAYS_SEARCH_USER_PATHS = NO;
				CLANG_CXX_LANGUAGE_STANDARD = "gnu++0x";
				CLANG_CXX_LIBRARY = "libc++";
				CLANG_ENABLE_MODULES = YES;
				CLANG_ENABLE_OBJC_ARC = YES;
				CLANG_WARN_BOOL_CONVERSION = YES;
				CLANG_WARN_CONSTANT_CONVERSION = YES;
				CLANG_WARN_DIRECT_OBJC_ISA_USAGE = YES_ERROR;
				CLANG_WARN_EMPTY_BODY = YES;
				CLANG_WARN_ENUM_CONVERSION = YES;
				CLANG_WARN_INT_CONVERSION = YES;
				CLANG_WARN_OBJC_ROOT_CLASS = YES_ERROR;
				CLANG_WARN_UNREACHABLE_CODE = YES;
				CLANG_WARN__DUPLICATE_METHOD_MATCH = YES;
				"CODE_SIGN_IDENTITY[sdk=iphoneos*]" = "iPhone Developer";
				COPY_PHASE_STRIP = YES;
				ENABLE_NS_ASSERTIONS = NO;
				ENABLE_STRICT_OBJC_MSGSEND = YES;
				GCC_C_LANGUAGE_STANDARD = gnu99;
				GCC_WARN_64_TO_32_BIT_CONVERSION = YES;
				GCC_WARN_ABOUT_RETURN_TYPE = YES_ERROR;
				GCC_WARN_UNDECLARED_SELECTOR = YES;
				GCC_WARN_UNINITIALIZED_AUTOS = YES_AGGRESSIVE;
				GCC_WARN_UNUSED_FUNCTION = YES;
				GCC_WARN_UNUSED_VARIABLE = YES;
				IPHONEOS_DEPLOYMENT_TARGET = 8.1;
				MTL_ENABLE_DEBUG_INFO = NO;
				SDKROOT = iphoneos;
				VALIDATE_PRODUCT = YES;
			};
			name = Release;
		};
		1273C4371AAE4B0C0015744D /* Debug */ = {
			isa = XCBuildConfiguration;
			baseConfigurationReference = 06DAECE1C9FDDEBE8B1B1618 /* Pods-NumberKeyboardViewDemo.debug.xcconfig */;
			buildSettings = {
				ASSETCATALOG_COMPILER_APPICON_NAME = AppIcon;
				CLANG_ENABLE_MODULES = YES;
				INFOPLIST_FILE = NumberKeyboardViewDemo/Info.plist;
				LD_RUNPATH_SEARCH_PATHS = "$(inherited) @executable_path/Frameworks";
				PRODUCT_NAME = "$(TARGET_NAME)";
				SWIFT_OBJC_BRIDGING_HEADER = "NumberKeyboardViewDemo/NumberKeyboardViewDemo-Bridging-Header.h";
				SWIFT_OPTIMIZATION_LEVEL = "-Onone";
			};
			name = Debug;
		};
		1273C4381AAE4B0C0015744D /* Release */ = {
			isa = XCBuildConfiguration;
			baseConfigurationReference = A8743E828854E22BE42A2F77 /* Pods-NumberKeyboardViewDemo.release.xcconfig */;
			buildSettings = {
				ASSETCATALOG_COMPILER_APPICON_NAME = AppIcon;
				CLANG_ENABLE_MODULES = YES;
				INFOPLIST_FILE = NumberKeyboardViewDemo/Info.plist;
				LD_RUNPATH_SEARCH_PATHS = "$(inherited) @executable_path/Frameworks";
				PRODUCT_NAME = "$(TARGET_NAME)";
				SWIFT_OBJC_BRIDGING_HEADER = "NumberKeyboardViewDemo/NumberKeyboardViewDemo-Bridging-Header.h";
			};
			name = Release;
		};
		1273C43A1AAE4B0C0015744D /* Debug */ = {
			isa = XCBuildConfiguration;
			buildSettings = {
				BUNDLE_LOADER = "$(TEST_HOST)";
				FRAMEWORK_SEARCH_PATHS = (
					"$(SDKROOT)/Developer/Library/Frameworks",
					"$(inherited)",
				);
				GCC_PREPROCESSOR_DEFINITIONS = (
					"DEBUG=1",
					"$(inherited)",
				);
				INFOPLIST_FILE = NumberKeyboardViewDemoTests/Info.plist;
				LD_RUNPATH_SEARCH_PATHS = "$(inherited) @executable_path/Frameworks @loader_path/Frameworks";
				PRODUCT_NAME = "$(TARGET_NAME)";
				TEST_HOST = "$(BUILT_PRODUCTS_DIR)/NumberKeyboardViewDemo.app/NumberKeyboardViewDemo";
			};
			name = Debug;
		};
		1273C43B1AAE4B0C0015744D /* Release */ = {
			isa = XCBuildConfiguration;
			buildSettings = {
				BUNDLE_LOADER = "$(TEST_HOST)";
				FRAMEWORK_SEARCH_PATHS = (
					"$(SDKROOT)/Developer/Library/Frameworks",
					"$(inherited)",
				);
				INFOPLIST_FILE = NumberKeyboardViewDemoTests/Info.plist;
				LD_RUNPATH_SEARCH_PATHS = "$(inherited) @executable_path/Frameworks @loader_path/Frameworks";
				PRODUCT_NAME = "$(TARGET_NAME)";
				TEST_HOST = "$(BUILT_PRODUCTS_DIR)/NumberKeyboardViewDemo.app/NumberKeyboardViewDemo";
			};
			name = Release;
		};
/* End XCBuildConfiguration section */

/* Begin XCConfigurationList section */
		1273C4121AAE4B0B0015744D /* Build configuration list for PBXProject "NumberKeyboardViewDemo" */ = {
			isa = XCConfigurationList;
			buildConfigurations = (
				1273C4341AAE4B0C0015744D /* Debug */,
				1273C4351AAE4B0C0015744D /* Release */,
			);
			defaultConfigurationIsVisible = 0;
			defaultConfigurationName = Release;
		};
		1273C4361AAE4B0C0015744D /* Build configuration list for PBXNativeTarget "NumberKeyboardViewDemo" */ = {
			isa = XCConfigurationList;
			buildConfigurations = (
				1273C4371AAE4B0C0015744D /* Debug */,
				1273C4381AAE4B0C0015744D /* Release */,
			);
			defaultConfigurationIsVisible = 0;
			defaultConfigurationName = Release;
		};
		1273C4391AAE4B0C0015744D /* Build configuration list for PBXNativeTarget "NumberKeyboardViewDemoTests" */ = {
			isa = XCConfigurationList;
			buildConfigurations = (
				1273C43A1AAE4B0C0015744D /* Debug */,
				1273C43B1AAE4B0C0015744D /* Release */,
			);
			defaultConfigurationIsVisible = 0;
			defaultConfigurationName = Release;
		};
/* End XCConfigurationList section */
	};
	rootObject = 1273C40F1AAE4B0B0015744D /* Project object */;
}
